
Microsoft Visual Studio Solution File, Format Version 12.00
# Visual Studio Version 17
VisualStudioVersion = 17.8.34330.188
MinimumVisualStudioVersion = 10.0.40219.1
Project("{FAE04EC0-301F-11D3-BF4B-00C04F79EFBC}") = "Health_Managment_System", "Health_Managment_System\Health_Managment_System.csproj", "{1F93BABA-C16B-4AB5-A6D6-4C061CC03C6C}"
EndProject
Global
	GlobalSection(SolutionConfigurationPlatforms) = preSolution
		Debug|Any CPU = Debug|Any CPU
		Release|Any CPU = Release|Any CPU
	EndGlobalSection
	GlobalSection(ProjectConfigurationPlatforms) = postSolution
		{1F93BABA-C16B-4AB5-A6D6-4C061CC03C6C}.Debug|Any CPU.ActiveCfg = Debug|Any CPU
		{1F93BABA-C16B-4AB5-A6D6-4C061CC03C6C}.Debug|Any CPU.Build.0 = Debug|Any CPU
		{1F93BABA-C16B-4AB5-A6D6-4C061CC03C6C}.Release|Any CPU.ActiveCfg = Release|Any CPU
		{1F93BABA-C16B-4AB5-A6D6-4C061CC03C6C}.Release|Any CPU.Build.0 = Release|Any CPU
	EndGlobalSection
	GlobalSection(SolutionProperties) = preSolution
		HideSolutionNode = FALSE
	EndGlobalSection
	GlobalSection(ExtensibilityGlobals) = postSolution
		SolutionGuid = {F6371ABE-E43E-4939-A5FC-82FFD1C82CB7}
	EndGlobalSection
EndGlobal
